// !$*UTF8*$!
{
	archiveVersion = 1;
	classes = {
	};
	objectVersion = 56;
	objects = {

/* Begin PBXBuildFile section */
		D2200AEE28E66AF00029A66F /* ARKitExtenstion.swift in Sources */ = {isa = PBXBuildFile; fileRef = D2200AED28E66AF00029A66F /* ARKitExtenstion.swift */; };
		D2200AF028E66B4E0029A66F /* Mokapp_Face.swift in Sources */ = {isa = PBXBuildFile; fileRef = D2200AEF28E66B4E0029A66F /* Mokapp_Face.swift */; };
		D2200AF228E66B930029A66F /* FaceViewController.swift in Sources */ = {isa = PBXBuildFile; fileRef = D2200AF128E66B930029A66F /* FaceViewController.swift */; };
		D2200AF428E66BD40029A66F /* FaseShapes.swift in Sources */ = {isa = PBXBuildFile; fileRef = D2200AF328E66BD40029A66F /* FaseShapes.swift */; };
		D2200AF828E66C5B0029A66F /* SCNNodeExtension.swift in Sources */ = {isa = PBXBuildFile; fileRef = D2200AF728E66C5B0029A66F /* SCNNodeExtension.swift */; };
		D2200AFA28E66C8A0029A66F /* SCNVector3Extension.swift in Sources */ = {isa = PBXBuildFile; fileRef = D2200AF928E66C8A0029A66F /* SCNVector3Extension.swift */; };
		D2200AFC28E66CAA0029A66F /* UIColorExtension.swift in Sources */ = {isa = PBXBuildFile; fileRef = D2200AFB28E66CAA0029A66F /* UIColorExtension.swift */; };
		D2B6C3B528E5101F00526B87 /* MoodMe_AssessmentTests.swift in Sources */ = {isa = PBXBuildFile; fileRef = D2B6C3B428E5101F00526B87 /* MoodMe_AssessmentTests.swift */; };
		D2B6C3BF28E5101F00526B87 /* MoodMe_AssessmentUITests.swift in Sources */ = {isa = PBXBuildFile; fileRef = D2B6C3BE28E5101F00526B87 /* MoodMe_AssessmentUITests.swift */; };
		D2B6C3C128E5101F00526B87 /* MoodMe_AssessmentUITestsLaunchTests.swift in Sources */ = {isa = PBXBuildFile; fileRef = D2B6C3C028E5101F00526B87 /* MoodMe_AssessmentUITestsLaunchTests.swift */; };
/* End PBXBuildFile section */

/* Begin PBXContainerItemProxy section */
		D2B6C3B128E5101F00526B87 /* PBXContainerItemProxy */ = {
			isa = PBXContainerItemProxy;
			containerPortal = D2B6C39728E5101E00526B87 /* Project object */;
			proxyType = 1;
			remoteGlobalIDString = D2B6C39E28E5101E00526B87;
			remoteInfo = MoodMe_Assessment;
		};
		D2B6C3BB28E5101F00526B87 /* PBXContainerItemProxy */ = {
			isa = PBXContainerItemProxy;
			containerPortal = D2B6C39728E5101E00526B87 /* Project object */;
			proxyType = 1;
			remoteGlobalIDString = D2B6C39E28E5101E00526B87;
			remoteInfo = MoodMe_Assessment;
		};
/* End PBXContainerItemProxy section */

/* Begin PBXFileReference section */
		D2200AED28E66AF00029A66F /* ARKitExtenstion.swift */ = {isa = PBXFileReference; lastKnownFileType = sourcecode.swift; path = ARKitExtenstion.swift; sourceTree = "<group>"; };
		D2200AEF28E66B4E0029A66F /* Mokapp_Face.swift */ = {isa = PBXFileReference; lastKnownFileType = sourcecode.swift; path = Mokapp_Face.swift; sourceTree = "<group>"; };
		D2200AF128E66B930029A66F /* FaceViewController.swift */ = {isa = PBXFileReference; lastKnownFileType = sourcecode.swift; path = FaceViewController.swift; sourceTree = "<group>"; };
		D2200AF328E66BD40029A66F /* FaseShapes.swift */ = {isa = PBXFileReference; lastKnownFileType = sourcecode.swift; path = FaseShapes.swift; sourceTree = "<group>"; };
		D2200AF528E66C140029A66F /* Info.plist */ = {isa = PBXFileReference; lastKnownFileType = text.plist.xml; path = Info.plist; sourceTree = "<group>"; };
		D2200AF728E66C5B0029A66F /* SCNNodeExtension.swift */ = {isa = PBXFileReference; lastKnownFileType = sourcecode.swift; path = SCNNodeExtension.swift; sourceTree = "<group>"; };
		D2200AF928E66C8A0029A66F /* SCNVector3Extension.swift */ = {isa = PBXFileReference; lastKnownFileType = sourcecode.swift; path = SCNVector3Extension.swift; sourceTree = "<group>"; };
		D2200AFB28E66CAA0029A66F /* UIColorExtension.swift */ = {isa = PBXFileReference; lastKnownFileType = sourcecode.swift; path = UIColorExtension.swift; sourceTree = "<group>"; };
		D2B6C39F28E5101E00526B87 /* MoodMe_Assessment.app */ = {isa = PBXFileReference; explicitFileType = wrapper.application; includeInIndex = 0; path = MoodMe_Assessment.app; sourceTree = BUILT_PRODUCTS_DIR; };
		D2B6C3A628E5101F00526B87 /* Assets.xcassets */ = {isa = PBXFileReference; lastKnownFileType = folder.assetcatalog; path = Assets.xcassets; sourceTree = "<group>"; };
		D2B6C3A828E5101F00526B87 /* MoodMe_Assessment.entitlements */ = {isa = PBXFileReference; lastKnownFileType = text.plist.entitlements; path = MoodMe_Assessment.entitlements; sourceTree = "<group>"; };
		D2B6C3AA28E5101F00526B87 /* Preview Assets.xcassets */ = {isa = PBXFileReference; lastKnownFileType = folder.assetcatalog; path = "Preview Assets.xcassets"; sourceTree = "<group>"; };
		D2B6C3B028E5101F00526B87 /* MoodMe_AssessmentTests.xctest */ = {isa = PBXFileReference; explicitFileType = wrapper.cfbundle; includeInIndex = 0; path = MoodMe_AssessmentTests.xctest; sourceTree = BUILT_PRODUCTS_DIR; };
		D2B6C3B428E5101F00526B87 /* MoodMe_AssessmentTests.swift */ = {isa = PBXFileReference; lastKnownFileType = sourcecode.swift; path = MoodMe_AssessmentTests.swift; sourceTree = "<group>"; };
		D2B6C3BA28E5101F00526B87 /* MoodMe_AssessmentUITests.xctest */ = {isa = PBXFileReference; explicitFileType = wrapper.cfbundle; includeInIndex = 0; path = MoodMe_AssessmentUITests.xctest; sourceTree = BUILT_PRODUCTS_DIR; };
		D2B6C3BE28E5101F00526B87 /* MoodMe_AssessmentUITests.swift */ = {isa = PBXFileReference; lastKnownFileType = sourcecode.swift; path = MoodMe_AssessmentUITests.swift; sourceTree = "<group>"; };
		D2B6C3C028E5101F00526B87 /* MoodMe_AssessmentUITestsLaunchTests.swift */ = {isa = PBXFileReference; lastKnownFileType = sourcecode.swift; path = MoodMe_AssessmentUITestsLaunchTests.swift; sourceTree = "<group>"; };
		D2F641D528E66DAF006BAF37 /* Base.lproj */ = {isa = PBXFileReference; lastKnownFileType = folder; path = Base.lproj; sourceTree = "<group>"; };
		D2F641D728E66DD1006BAF37 /* blendShape.scnassets */ = {isa = PBXFileReference; lastKnownFileType = wrapper.scnassets; path = blendShape.scnassets; sourceTree = "<group>"; };
		D2F641DA28E66E80006BAF37 /* eyebrowsl.png */ = {isa = PBXFileReference; lastKnownFileType = image.png; path = eyebrowsl.png; sourceTree = "<group>"; };
		D2F641DB28E66E80006BAF37 /* eyel.png */ = {isa = PBXFileReference; lastKnownFileType = image.png; path = eyel.png; sourceTree = "<group>"; };
		D2F641DC28E66E80006BAF37 /* mouth.png */ = {isa = PBXFileReference; lastKnownFileType = image.png; path = mouth.png; sourceTree = "<group>"; };
		D2F641DD28E66E80006BAF37 /* crazy-mouth.png */ = {isa = PBXFileReference; lastKnownFileType = image.png; path = "crazy-mouth.png"; sourceTree = "<group>"; };
		D2F641DE28E66E80006BAF37 /* spark.png */ = {isa = PBXFileReference; lastKnownFileType = image.png; path = spark.png; sourceTree = "<group>"; };
		D2F641DF28E66E80006BAF37 /* eyebrowsr.png */ = {isa = PBXFileReference; lastKnownFileType = image.png; path = eyebrowsr.png; sourceTree = "<group>"; };
		D2F641E028E66E80006BAF37 /* Fire.scnp */ = {isa = PBXFileReference; lastKnownFileType = file.scp; path = Fire.scnp; sourceTree = "<group>"; };
		D2F641E128E66E80006BAF37 /* eyer.png */ = {isa = PBXFileReference; lastKnownFileType = image.png; path = eyer.png; sourceTree = "<group>"; };
/* End PBXFileReference section */

/* Begin PBXFrameworksBuildPhase section */
		D2B6C39C28E5101E00526B87 /* Frameworks */ = {
			isa = PBXFrameworksBuildPhase;
			buildActionMask = 2147483647;
			files = (
			);
			runOnlyForDeploymentPostprocessing = 0;
		};
		D2B6C3AD28E5101F00526B87 /* Frameworks */ = {
			isa = PBXFrameworksBuildPhase;
			buildActionMask = 2147483647;
			files = (
			);
			runOnlyForDeploymentPostprocessing = 0;
		};
		D2B6C3B728E5101F00526B87 /* Frameworks */ = {
			isa = PBXFrameworksBuildPhase;
			buildActionMask = 2147483647;
			files = (
			);
			runOnlyForDeploymentPostprocessing = 0;
		};
/* End PBXFrameworksBuildPhase section */

/* Begin PBXGroup section */
		D2B6C39628E5101E00526B87 = {
			isa = PBXGroup;
			children = (
				D2B6C3A128E5101E00526B87 /* MoodMe_Assessment */,
				D2B6C3B328E5101F00526B87 /* MoodMe_AssessmentTests */,
				D2B6C3BD28E5101F00526B87 /* MoodMe_AssessmentUITests */,
				D2B6C3A028E5101E00526B87 /* Products */,
			);
			sourceTree = "<group>";
		};
		D2B6C3A028E5101E00526B87 /* Products */ = {
			isa = PBXGroup;
			children = (
				D2B6C39F28E5101E00526B87 /* MoodMe_Assessment.app */,
				D2B6C3B028E5101F00526B87 /* MoodMe_AssessmentTests.xctest */,
				D2B6C3BA28E5101F00526B87 /* MoodMe_AssessmentUITests.xctest */,
			);
			name = Products;
			sourceTree = "<group>";
		};
		D2B6C3A128E5101E00526B87 /* MoodMe_Assessment */ = {
			isa = PBXGroup;
			children = (
				D2B6C3A628E5101F00526B87 /* Assets.xcassets */,
				D2F641D728E66DD1006BAF37 /* blendShape.scnassets */,
				D2F641D528E66DAF006BAF37 /* Base.lproj */,
				D2F641D928E66E80006BAF37 /* Particles */,
				D2200AED28E66AF00029A66F /* ARKitExtenstion.swift */,
				D2200AEF28E66B4E0029A66F /* Mokapp_Face.swift */,
				D2200AF128E66B930029A66F /* FaceViewController.swift */,
				D2200AF328E66BD40029A66F /* FaseShapes.swift */,
				D2B6C3A828E5101F00526B87 /* MoodMe_Assessment.entitlements */,
				D2200AF728E66C5B0029A66F /* SCNNodeExtension.swift */,
				D2200AF928E66C8A0029A66F /* SCNVector3Extension.swift */,
				D2200AFB28E66CAA0029A66F /* UIColorExtension.swift */,
				D2200AF528E66C140029A66F /* Info.plist */,
				D2B6C3A928E5101F00526B87 /* Preview Content */,
			);
			path = MoodMe_Assessment;
			sourceTree = "<group>";
		};
		D2B6C3A928E5101F00526B87 /* Preview Content */ = {
			isa = PBXGroup;
			children = (
				D2B6C3AA28E5101F00526B87 /* Preview Assets.xcassets */,
			);
			path = "Preview Content";
			sourceTree = "<group>";
		};
		D2B6C3B328E5101F00526B87 /* MoodMe_AssessmentTests */ = {
			isa = PBXGroup;
			children = (
				D2B6C3B428E5101F00526B87 /* MoodMe_AssessmentTests.swift */,
			);
			path = MoodMe_AssessmentTests;
			sourceTree = "<group>";
		};
		D2B6C3BD28E5101F00526B87 /* MoodMe_AssessmentUITests */ = {
			isa = PBXGroup;
			children = (
				D2B6C3BE28E5101F00526B87 /* MoodMe_AssessmentUITests.swift */,
				D2B6C3C028E5101F00526B87 /* MoodMe_AssessmentUITestsLaunchTests.swift */,
			);
			path = MoodMe_AssessmentUITests;
			sourceTree = "<group>";
		};
		D2F641D928E66E80006BAF37 /* Particles */ = {
			isa = PBXGroup;
			children = (
				D2F641DA28E66E80006BAF37 /* eyebrowsl.png */,
				D2F641DB28E66E80006BAF37 /* eyel.png */,
				D2F641DC28E66E80006BAF37 /* mouth.png */,
				D2F641DD28E66E80006BAF37 /* crazy-mouth.png */,
				D2F641DE28E66E80006BAF37 /* spark.png */,
				D2F641DF28E66E80006BAF37 /* eyebrowsr.png */,
				D2F641E028E66E80006BAF37 /* Fire.scnp */,
				D2F641E128E66E80006BAF37 /* eyer.png */,
			);
			path = Particles;
			sourceTree = "<group>";
		};
/* End PBXGroup section */

/* Begin PBXNativeTarget section */
		D2B6C39E28E5101E00526B87 /* MoodMe_Assessment */ = {
			isa = PBXNativeTarget;
			buildConfigurationList = D2B6C3C428E5101F00526B87 /* Build configuration list for PBXNativeTarget "MoodMe_Assessment" */;
			buildPhases = (
				D2B6C39B28E5101E00526B87 /* Sources */,
				D2B6C39C28E5101E00526B87 /* Frameworks */,
			);
			buildRules = (
			);
			dependencies = (
			);
			name = MoodMe_Assessment;
			productName = MoodMe_Assessment;
			productReference = D2B6C39F28E5101E00526B87 /* MoodMe_Assessment.app */;
			productType = "com.apple.product-type.application";
		};
		D2B6C3AF28E5101F00526B87 /* MoodMe_AssessmentTests */ = {
			isa = PBXNativeTarget;
			buildConfigurationList = D2B6C3C728E5101F00526B87 /* Build configuration list for PBXNativeTarget "MoodMe_AssessmentTests" */;
			buildPhases = (
				D2B6C3AC28E5101F00526B87 /* Sources */,
				D2B6C3AD28E5101F00526B87 /* Frameworks */,
				D2B6C3AE28E5101F00526B87 /* Resources */,
			);
			buildRules = (
			);
			dependencies = (
				D2B6C3B228E5101F00526B87 /* PBXTargetDependency */,
			);
			name = MoodMe_AssessmentTests;
			productName = MoodMe_AssessmentTests;
			productReference = D2B6C3B028E5101F00526B87 /* MoodMe_AssessmentTests.xctest */;
			productType = "com.apple.product-type.bundle.unit-test";
		};
		D2B6C3B928E5101F00526B87 /* MoodMe_AssessmentUITests */ = {
			isa = PBXNativeTarget;
			buildConfigurationList = D2B6C3CA28E5101F00526B87 /* Build configuration list for PBXNativeTarget "MoodMe_AssessmentUITests" */;
			buildPhases = (
				D2B6C3B628E5101F00526B87 /* Sources */,
				D2B6C3B728E5101F00526B87 /* Frameworks */,
				D2B6C3B828E5101F00526B87 /* Resources */,
			);
			buildRules = (
			);
			dependencies = (
				D2B6C3BC28E5101F00526B87 /* PBXTargetDependency */,
			);
			name = MoodMe_AssessmentUITests;
			productName = MoodMe_AssessmentUITests;
			productReference = D2B6C3BA28E5101F00526B87 /* MoodMe_AssessmentUITests.xctest */;
			productType = "com.apple.product-type.bundle.ui-testing";
		};
/* End PBXNativeTarget section */

/* Begin PBXProject section */
		D2B6C39728E5101E00526B87 /* Project object */ = {
			isa = PBXProject;
			attributes = {
				BuildIndependentTargetsInParallel = 1;
				LastSwiftUpdateCheck = 1400;
				LastUpgradeCheck = 1400;
				TargetAttributes = {
					D2B6C39E28E5101E00526B87 = {
						CreatedOnToolsVersion = 14.0.1;
					};
					D2B6C3AF28E5101F00526B87 = {
						CreatedOnToolsVersion = 14.0.1;
						TestTargetID = D2B6C39E28E5101E00526B87;
					};
					D2B6C3B928E5101F00526B87 = {
						CreatedOnToolsVersion = 14.0.1;
						TestTargetID = D2B6C39E28E5101E00526B87;
					};
				};
			};
			buildConfigurationList = D2B6C39A28E5101E00526B87 /* Build configuration list for PBXProject "MoodMe_Assessment" */;
			compatibilityVersion = "Xcode 14.0";
			developmentRegion = en;
			hasScannedForEncodings = 0;
			knownRegions = (
				en,
				Base,
			);
			mainGroup = D2B6C39628E5101E00526B87;
			productRefGroup = D2B6C3A028E5101E00526B87 /* Products */;
			projectDirPath = "";
			projectRoot = "";
			targets = (
				D2B6C39E28E5101E00526B87 /* MoodMe_Assessment */,
				D2B6C3AF28E5101F00526B87 /* MoodMe_AssessmentTests */,
				D2B6C3B928E5101F00526B87 /* MoodMe_AssessmentUITests */,
			);
		};
/* End PBXProject section */

/* Begin PBXResourcesBuildPhase section */
		D2B6C3AE28E5101F00526B87 /* Resources */ = {
			isa = PBXResourcesBuildPhase;
			buildActionMask = 2147483647;
			files = (
			);
			runOnlyForDeploymentPostprocessing = 0;
		};
		D2B6C3B828E5101F00526B87 /* Resources */ = {
			isa = PBXResourcesBuildPhase;
			buildActionMask = 2147483647;
			files = (
			);
			runOnlyForDeploymentPostprocessing = 0;
		};
/* End PBXResourcesBuildPhase section */

/* Begin PBXSourcesBuildPhase section */
		D2B6C39B28E5101E00526B87 /* Sources */ = {
			isa = PBXSourcesBuildPhase;
			buildActionMask = 2147483647;
			files = (
				D2200AEE28E66AF00029A66F /* ARKitExtenstion.swift in Sources */,
				D2200AF428E66BD40029A66F /* FaseShapes.swift in Sources */,
				D2200AFA28E66C8A0029A66F /* SCNVector3Extension.swift in Sources */,
				D2200AF228E66B930029A66F /* FaceViewController.swift in Sources */,
				D2200AFC28E66CAA0029A66F /* UIColorExtension.swift in Sources */,
				D2200AF028E66B4E0029A66F /* Mokapp_Face.swift in Sources */,
				D2200AF828E66C5B0029A66F /* SCNNodeExtension.swift in Sources */,
			);
			runOnlyForDeploymentPostprocessing = 0;
		};
		D2B6C3AC28E5101F00526B87 /* Sources */ = {
			isa = PBXSourcesBuildPhase;
			buildActionMask = 2147483647;
			files = (
				D2B6C3B528E5101F00526B87 /* MoodMe_AssessmentTests.swift in Sources */,
			);
			runOnlyForDeploymentPostprocessing = 0;
		};
		D2B6C3B628E5101F00526B87 /* Sources */ = {
			isa = PBXSourcesBuildPhase;
			buildActionMask = 2147483647;
			files = (
				D2B6C3BF28E5101F00526B87 /* MoodMe_AssessmentUITests.swift in Sources */,
				D2B6C3C128E5101F00526B87 /* MoodMe_AssessmentUITestsLaunchTests.swift in Sources */,
			);
			runOnlyForDeploymentPostprocessing = 0;
		};
/* End PBXSourcesBuildPhase section */

/* Begin PBXTargetDependency section */
		D2B6C3B228E5101F00526B87 /* PBXTargetDependency */ = {
			isa = PBXTargetDependency;
			target = D2B6C39E28E5101E00526B87 /* MoodMe_Assessment */;
			targetProxy = D2B6C3B128E5101F00526B87 /* PBXContainerItemProxy */;
		};
		D2B6C3BC28E5101F00526B87 /* PBXTargetDependency */ = {
			isa = PBXTargetDependency;
			target = D2B6C39E28E5101E00526B87 /* MoodMe_Assessment */;
			targetProxy = D2B6C3BB28E5101F00526B87 /* PBXContainerItemProxy */;
		};
/* End PBXTargetDependency section */

/* Begin XCBuildConfiguration section */
		D2B6C3C228E5101F00526B87 /* Debug */ = {
			isa = XCBuildConfiguration;
			buildSettings = {
				ALWAYS_SEARCH_USER_PATHS = NO;
				CLANG_ANALYZER_NONNULL = YES;
				CLANG_ANALYZER_NUMBER_OBJECT_CONVERSION = YES_AGGRESSIVE;
				CLANG_CXX_LANGUAGE_STANDARD = "gnu++20";
				CLANG_ENABLE_MODULES = YES;
				CLANG_ENABLE_OBJC_ARC = YES;
				CLANG_ENABLE_OBJC_WEAK = YES;
				CLANG_WARN_BLOCK_CAPTURE_AUTORELEASING = YES;
				CLANG_WARN_BOOL_CONVERSION = YES;
				CLANG_WARN_COMMA = YES;
				CLANG_WARN_CONSTANT_CONVERSION = YES;
				CLANG_WARN_DEPRECATED_OBJC_IMPLEMENTATIONS = YES;
				CLANG_WARN_DIRECT_OBJC_ISA_USAGE = YES_ERROR;
				CLANG_WARN_DOCUMENTATION_COMMENTS = YES;
				CLANG_WARN_EMPTY_BODY = YES;
				CLANG_WARN_ENUM_CONVERSION = YES;
				CLANG_WARN_INFINITE_RECURSION = YES;
				CLANG_WARN_INT_CONVERSION = YES;
				CLANG_WARN_NON_LITERAL_NULL_CONVERSION = YES;
				CLANG_WARN_OBJC_IMPLICIT_RETAIN_SELF = YES;
				CLANG_WARN_OBJC_LITERAL_CONVERSION = YES;
				CLANG_WARN_OBJC_ROOT_CLASS = YES_ERROR;
				CLANG_WARN_QUOTED_INCLUDE_IN_FRAMEWORK_HEADER = YES;
				CLANG_WARN_RANGE_LOOP_ANALYSIS = YES;
				CLANG_WARN_STRICT_PROTOTYPES = YES;
				CLANG_WARN_SUSPICIOUS_MOVE = YES;
				CLANG_WARN_UNGUARDED_AVAILABILITY = YES_AGGRESSIVE;
				CLANG_WARN_UNREACHABLE_CODE = YES;
				CLANG_WARN__DUPLICATE_METHOD_MATCH = YES;
				COPY_PHASE_STRIP = NO;
				DEBUG_INFORMATION_FORMAT = dwarf;
				ENABLE_STRICT_OBJC_MSGSEND = YES;
				ENABLE_TESTABILITY = YES;
				GCC_C_LANGUAGE_STANDARD = gnu11;
				GCC_DYNAMIC_NO_PIC = NO;
				GCC_NO_COMMON_BLOCKS = YES;
				GCC_OPTIMIZATION_LEVEL = 0;
				GCC_PREPROCESSOR_DEFINITIONS = (
					"DEBUG=1",
					"$(inherited)",
				);
				GCC_WARN_64_TO_32_BIT_CONVERSION = YES;
				GCC_WARN_ABOUT_RETURN_TYPE = YES_ERROR;
				GCC_WARN_UNDECLARED_SELECTOR = YES;
				GCC_WARN_UNINITIALIZED_AUTOS = YES_AGGRESSIVE;
				GCC_WARN_UNUSED_FUNCTION = YES;
				GCC_WARN_UNUSED_VARIABLE = YES;
				MTL_ENABLE_DEBUG_INFO = INCLUDE_SOURCE;
				MTL_FAST_MATH = YES;
				ONLY_ACTIVE_ARCH = YES;
				SWIFT_ACTIVE_COMPILATION_CONDITIONS = DEBUG;
				SWIFT_OPTIMIZATION_LEVEL = "-Onone";
			};
			name = Debug;
		};
		D2B6C3C328E5101F00526B87 /* Release */ = {
			isa = XCBuildConfiguration;
			buildSettings = {
				ALWAYS_SEARCH_USER_PATHS = NO;
				CLANG_ANALYZER_NONNULL = YES;
				CLANG_ANALYZER_NUMBER_OBJECT_CONVERSION = YES_AGGRESSIVE;
				CLANG_CXX_LANGUAGE_STANDARD = "gnu++20";
				CLANG_ENABLE_MODULES = YES;
				CLANG_ENABLE_OBJC_ARC = YES;
				CLANG_ENABLE_OBJC_WEAK = YES;
				CLANG_WARN_BLOCK_CAPTURE_AUTORELEASING = YES;
				CLANG_WARN_BOOL_CONVERSION = YES;
				CLANG_WARN_COMMA = YES;
				CLANG_WARN_CONSTANT_CONVERSION = YES;
				CLANG_WARN_DEPRECATED_OBJC_IMPLEMENTATIONS = YES;
				CLANG_WARN_DIRECT_OBJC_ISA_USAGE = YES_ERROR;
				CLANG_WARN_DOCUMENTATION_COMMENTS = YES;
				CLANG_WARN_EMPTY_BODY = YES;
				CLANG_WARN_ENUM_CONVERSION = YES;
				CLANG_WARN_INFINITE_RECURSION = YES;
				CLANG_WARN_INT_CONVERSION = YES;
				CLANG_WARN_NON_LITERAL_NULL_CONVERSION = YES;
				CLANG_WARN_OBJC_IMPLICIT_RETAIN_SELF = YES;
				CLANG_WARN_OBJC_LITERAL_CONVERSION = YES;
				CLANG_WARN_OBJC_ROOT_CLASS = YES_ERROR;
				CLANG_WARN_QUOTED_INCLUDE_IN_FRAMEWORK_HEADER = YES;
				CLANG_WARN_RANGE_LOOP_ANALYSIS = YES;
				CLANG_WARN_STRICT_PROTOTYPES = YES;
				CLANG_WARN_SUSPICIOUS_MOVE = YES;
				CLANG_WARN_UNGUARDED_AVAILABILITY = YES_AGGRESSIVE;
				CLANG_WARN_UNREACHABLE_CODE = YES;
				CLANG_WARN__DUPLICATE_METHOD_MATCH = YES;
				COPY_PHASE_STRIP = NO;
				DEBUG_INFORMATION_FORMAT = "dwarf-with-dsym";
				ENABLE_NS_ASSERTIONS = NO;
				ENABLE_STRICT_OBJC_MSGSEND = YES;
				GCC_C_LANGUAGE_STANDARD = gnu11;
				GCC_NO_COMMON_BLOCKS = YES;
				GCC_WARN_64_TO_32_BIT_CONVERSION = YES;
				GCC_WARN_ABOUT_RETURN_TYPE = YES_ERROR;
				GCC_WARN_UNDECLARED_SELECTOR = YES;
				GCC_WARN_UNINITIALIZED_AUTOS = YES_AGGRESSIVE;
				GCC_WARN_UNUSED_FUNCTION = YES;
				GCC_WARN_UNUSED_VARIABLE = YES;
				MTL_ENABLE_DEBUG_INFO = NO;
				MTL_FAST_MATH = YES;
				SWIFT_COMPILATION_MODE = wholemodule;
				SWIFT_OPTIMIZATION_LEVEL = "-O";
			};
			name = Release;
		};
		D2B6C3C528E5101F00526B87 /* Debug */ = {
			isa = XCBuildConfiguration;
			buildSettings = {
				ASSETCATALOG_COMPILER_APPICON_NAME = AppIcon;
				ASSETCATALOG_COMPILER_GLOBAL_ACCENT_COLOR_NAME = AccentColor;
				CODE_SIGN_ENTITLEMENTS = MoodMe_Assessment/MoodMe_Assessment.entitlements;
				CODE_SIGN_STYLE = Automatic;
				CURRENT_PROJECT_VERSION = 1;
				DEVELOPMENT_ASSET_PATHS = "\"MoodMe_Assessment/Preview Content\"";
				ENABLE_PREVIEWS = YES;
				GENERATE_INFOPLIST_FILE = YES;
				"INFOPLIST_KEY_UIApplicationSceneManifest_Generation[sdk=iphoneos*]" = YES;
				"INFOPLIST_KEY_UIApplicationSceneManifest_Generation[sdk=iphonesimulator*]" = YES;
				"INFOPLIST_KEY_UIApplicationSupportsIndirectInputEvents[sdk=iphoneos*]" = YES;
				"INFOPLIST_KEY_UIApplicationSupportsIndirectInputEvents[sdk=iphonesimulator*]" = YES;
				"INFOPLIST_KEY_UILaunchScreen_Generation[sdk=iphoneos*]" = YES;
				"INFOPLIST_KEY_UILaunchScreen_Generation[sdk=iphonesimulator*]" = YES;
				"INFOPLIST_KEY_UIStatusBarStyle[sdk=iphoneos*]" = UIStatusBarStyleDefault;
				"INFOPLIST_KEY_UIStatusBarStyle[sdk=iphonesimulator*]" = UIStatusBarStyleDefault;
				INFOPLIST_KEY_UISupportedInterfaceOrientations_iPad = "UIInterfaceOrientationPortrait UIInterfaceOrientationPortraitUpsideDown UIInterfaceOrientationLandscapeLeft UIInterfaceOrientationLandscapeRight";
				INFOPLIST_KEY_UISupportedInterfaceOrientations_iPhone = "UIInterfaceOrientationPortrait UIInterfaceOrientationLandscapeLeft UIInterfaceOrientationLandscapeRight";
				IPHONEOS_DEPLOYMENT_TARGET = 16.0;
				LD_RUNPATH_SEARCH_PATHS = "@executable_path/Frameworks";
				"LD_RUNPATH_SEARCH_PATHS[sdk=macosx*]" = "@executable_path/../Frameworks";
				MACOSX_DEPLOYMENT_TARGET = 12.3;
				MARKETING_VERSION = 1.0;
				PRODUCT_BUNDLE_IDENTIFIER = "com.raymondpasion.MoodMe-Assessment";
				PRODUCT_NAME = "$(TARGET_NAME)";
				SDKROOT = auto;
				SUPPORTED_PLATFORMS = "iphoneos iphonesimulator";
				SUPPORTS_MACCATALYST = NO;
				SUPPORTS_MAC_DESIGNED_FOR_IPHONE_IPAD = NO;
				SWIFT_EMIT_LOC_STRINGS = YES;
				SWIFT_VERSION = 5.0;
				TARGETED_DEVICE_FAMILY = 1;
			};
			name = Debug;
		};
		D2B6C3C628E5101F00526B87 /* Release */ = {
			isa = XCBuildConfiguration;
			buildSettings = {
				ASSETCATALOG_COMPILER_APPICON_NAME = AppIcon;
				ASSETCATALOG_COMPILER_GLOBAL_ACCENT_COLOR_NAME = AccentColor;
				CODE_SIGN_ENTITLEMENTS = MoodMe_Assessment/MoodMe_Assessment.entitlements;
				CODE_SIGN_STYLE = Automatic;
				CURRENT_PROJECT_VERSION = 1;
				DEVELOPMENT_ASSET_PATHS = "\"MoodMe_Assessment/Preview Content\"";
				ENABLE_PREVIEWS = YES;
				GENERATE_INFOPLIST_FILE = YES;
				"INFOPLIST_KEY_UIApplicationSceneManifest_Generation[sdk=iphoneos*]" = YES;
				"INFOPLIST_KEY_UIApplicationSceneManifest_Generation[sdk=iphonesimulator*]" = YES;
				"INFOPLIST_KEY_UIApplicationSupportsIndirectInputEvents[sdk=iphoneos*]" = YES;
				"INFOPLIST_KEY_UIApplicationSupportsIndirectInputEvents[sdk=iphonesimulator*]" = YES;
				"INFOPLIST_KEY_UILaunchScreen_Generation[sdk=iphoneos*]" = YES;
				"INFOPLIST_KEY_UILaunchScreen_Generation[sdk=iphonesimulator*]" = YES;
				"INFOPLIST_KEY_UIStatusBarStyle[sdk=iphoneos*]" = UIStatusBarStyleDefault;
				"INFOPLIST_KEY_UIStatusBarStyle[sdk=iphonesimulator*]" = UIStatusBarStyleDefault;
				INFOPLIST_KEY_UISupportedInterfaceOrientations_iPad = "UIInterfaceOrientationPortrait UIInterfaceOrientationPortraitUpsideDown UIInterfaceOrientationLandscapeLeft UIInterfaceOrientationLandscapeRight";
				INFOPLIST_KEY_UISupportedInterfaceOrientations_iPhone = "UIInterfaceOrientationPortrait UIInterfaceOrientationLandscapeLeft UIInterfaceOrientationLandscapeRight";
				IPHONEOS_DEPLOYMENT_TARGET = 16.0;
				LD_RUNPATH_SEARCH_PATHS = "@executable_path/Frameworks";
				"LD_RUNPATH_SEARCH_PATHS[sdk=macosx*]" = "@executable_path/../Frameworks";
				MACOSX_DEPLOYMENT_TARGET = 12.3;
				MARKETING_VERSION = 1.0;
				PRODUCT_BUNDLE_IDENTIFIER = "com.raymondpasion.MoodMe-Assessment";
				PRODUCT_NAME = "$(TARGET_NAME)";
				SDKROOT = auto;
				SUPPORTED_PLATFORMS = "iphoneos iphonesimulator";
				SUPPORTS_MACCATALYST = NO;
				SUPPORTS_MAC_DESIGNED_FOR_IPHONE_IPAD = NO;
				SWIFT_EMIT_LOC_STRINGS = YES;
				SWIFT_VERSION = 5.0;
				TARGETED_DEVICE_FAMILY = 1;
			};
			name = Release;
		};
		D2B6C3C828E5101F00526B87 /* Debug */ = {
			isa = XCBuildConfiguration;
			buildSettings = {
				ALWAYS_EMBED_SWIFT_STANDARD_LIBRARIES = YES;
				BUNDLE_LOADER = "$(TEST_HOST)";
				CODE_SIGN_STYLE = Automatic;
				CURRENT_PROJECT_VERSION = 1;
				GENERATE_INFOPLIST_FILE = YES;
				IPHONEOS_DEPLOYMENT_TARGET = 16.0;
				MACOSX_DEPLOYMENT_TARGET = 12.3;
				MARKETING_VERSION = 1.0;
				PRODUCT_BUNDLE_IDENTIFIER = "com.raymondpasion.MoodMe-AssessmentTests";
				PRODUCT_NAME = "$(TARGET_NAME)";
				SDKROOT = auto;
				SUPPORTED_PLATFORMS = "iphoneos iphonesimulator";
				SUPPORTS_MACCATALYST = NO;
				SUPPORTS_MAC_DESIGNED_FOR_IPHONE_IPAD = NO;
				SWIFT_EMIT_LOC_STRINGS = NO;
				SWIFT_VERSION = 5.0;
				TARGETED_DEVICE_FAMILY = 1;
				TEST_HOST = "$(BUILT_PRODUCTS_DIR)/MoodMe_Assessment.app/$(BUNDLE_EXECUTABLE_FOLDER_PATH)/MoodMe_Assessment";
			};
			name = Debug;
		};
		D2B6C3C928E5101F00526B87 /* Release */ = {
			isa = XCBuildConfiguration;
			buildSettings = {
				ALWAYS_EMBED_SWIFT_STANDARD_LIBRARIES = YES;
				BUNDLE_LOADER = "$(TEST_HOST)";
				CODE_SIGN_STYLE = Automatic;
				CURRENT_PROJECT_VERSION = 1;
				GENERATE_INFOPLIST_FILE = YES;
				IPHONEOS_DEPLOYMENT_TARGET = 16.0;
				MACOSX_DEPLOYMENT_TARGET = 12.3;
				MARKETING_VERSION = 1.0;
				PRODUCT_BUNDLE_IDENTIFIER = "com.raymondpasion.MoodMe-AssessmentTests";
				PRODUCT_NAME = "$(TARGET_NAME)";
				SDKROOT = auto;
				SUPPORTED_PLATFORMS = "iphoneos iphonesimulator";
				SUPPORTS_MACCATALYST = NO;
				SUPPORTS_MAC_DESIGNED_FOR_IPHONE_IPAD = NO;
				SWIFT_EMIT_LOC_STRINGS = NO;
				SWIFT_VERSION = 5.0;
				TARGETED_DEVICE_FAMILY = 1;
				TEST_HOST = "$(BUILT_PRODUCTS_DIR)/MoodMe_Assessment.app/$(BUNDLE_EXECUTABLE_FOLDER_PATH)/MoodMe_Assessment";
			};
			name = Release;
		};
		D2B6C3CB28E5101F00526B87 /* Debug */ = {
			isa = XCBuildConfiguration;
			buildSettings = {
				ALWAYS_EMBED_SWIFT_STANDARD_LIBRARIES = YES;
				CODE_SIGN_STYLE = Automatic;
				CURRENT_PROJECT_VERSION = 1;
				GENERATE_INFOPLIST_FILE = YES;
				IPHONEOS_DEPLOYMENT_TARGET = 16.0;
				MACOSX_DEPLOYMENT_TARGET = 12.3;
				MARKETING_VERSION = 1.0;
				PRODUCT_BUNDLE_IDENTIFIER = "com.raymondpasion.MoodMe-AssessmentUITests";
				PRODUCT_NAME = "$(TARGET_NAME)";
				SDKROOT = auto;
				SUPPORTED_PLATFORMS = "iphoneos iphonesimulator";
				SUPPORTS_MACCATALYST = NO;
				SUPPORTS_MAC_DESIGNED_FOR_IPHONE_IPAD = NO;
				SWIFT_EMIT_LOC_STRINGS = NO;
				SWIFT_VERSION = 5.0;
				TARGETED_DEVICE_FAMILY = 1;
				TEST_TARGET_NAME = MoodMe_Assessment;
			};
			name = Debug;
		};
		D2B6C3CC28E5101F00526B87 /* Release */ = {
			isa = XCBuildConfiguration;
			buildSettings = {
				ALWAYS_EMBED_SWIFT_STANDARD_LIBRARIES = YES;
				CODE_SIGN_STYLE = Automatic;
				CURRENT_PROJECT_VERSION = 1;
				GENERATE_INFOPLIST_FILE = YES;
				IPHONEOS_DEPLOYMENT_TARGET = 16.0;
				MACOSX_DEPLOYMENT_TARGET = 12.3;
				MARKETING_VERSION = 1.0;
				PRODUCT_BUNDLE_IDENTIFIER = "com.raymondpasion.MoodMe-AssessmentUITests";
				PRODUCT_NAME = "$(TARGET_NAME)";
				SDKROOT = auto;
				SUPPORTED_PLATFORMS = "iphoneos iphonesimulator";
				SUPPORTS_MACCATALYST = NO;
				SUPPORTS_MAC_DESIGNED_FOR_IPHONE_IPAD = NO;
				SWIFT_EMIT_LOC_STRINGS = NO;
				SWIFT_VERSION = 5.0;
				TARGETED_DEVICE_FAMILY = 1;
				TEST_TARGET_NAME = MoodMe_Assessment;
			};
			name = Release;
		};
/* End XCBuildConfiguration section */

/* Begin XCConfigurationList section */
		D2B6C39A28E5101E00526B87 /* Build configuration list for PBXProject "MoodMe_Assessment" */ = {
			isa = XCConfigurationList;
			buildConfigurations = (
				D2B6C3C228E5101F00526B87 /* Debug */,
				D2B6C3C328E5101F00526B87 /* Release */,
			);
			defaultConfigurationIsVisible = 0;
			defaultConfigurationName = Release;
		};
		D2B6C3C428E5101F00526B87 /* Build configuration list for PBXNativeTarget "MoodMe_Assessment" */ = {
			isa = XCConfigurationList;
			buildConfigurations = (
				D2B6C3C528E5101F00526B87 /* Debug */,
				D2B6C3C628E5101F00526B87 /* Release */,
			);
			defaultConfigurationIsVisible = 0;
			defaultConfigurationName = Release;
		};
		D2B6C3C728E5101F00526B87 /* Build configuration list for PBXNativeTarget "MoodMe_AssessmentTests" */ = {
			isa = XCConfigurationList;
			buildConfigurations = (
				D2B6C3C828E5101F00526B87 /* Debug */,
				D2B6C3C928E5101F00526B87 /* Release */,
			);
			defaultConfigurationIsVisible = 0;
			defaultConfigurationName = Release;
		};
		D2B6C3CA28E5101F00526B87 /* Build configuration list for PBXNativeTarget "MoodMe_AssessmentUITests" */ = {
			isa = XCConfigurationList;
			buildConfigurations = (
				D2B6C3CB28E5101F00526B87 /* Debug */,
				D2B6C3CC28E5101F00526B87 /* Release */,
			);
			defaultConfigurationIsVisible = 0;
			defaultConfigurationName = Release;
		};
/* End XCConfigurationList section */
	};
	rootObject = D2B6C39728E5101E00526B87 /* Project object */;
}
